
Microsoft Visual Studio Solution File, Format Version 12.00
# Visual Studio Version 17
VisualStudioVersion = 17.2.32602.215
MinimumVisualStudioVersion = 10.0.40219.1
Project("{FAE04EC0-301F-11D3-BF4B-00C04F79EFBC}") = "TestProject1", "TestProject1.csproj", "{01C98A35-3E9C-47AF-80B4-294DB1054576}"
EndProject
Project("{FAE04EC0-301F-11D3-BF4B-00C04F79EFBC}") = "Webapp", "..\Webapp\Webapp.csproj", "{E2B1ECDF-26BA-4574-AAB2-B1EB0B04EF29}"
EndProject
Global
	GlobalSection(SolutionConfigurationPlatforms) = preSolution
		Debug|Any CPU = Debug|Any CPU
		Release|Any CPU = Release|Any CPU
	EndGlobalSection
	GlobalSection(ProjectConfigurationPlatforms) = postSolution
		{01C98A35-3E9C-47AF-80B4-294DB1054576}.Debug|Any CPU.ActiveCfg = Debug|Any CPU
		{01C98A35-3E9C-47AF-80B4-294DB1054576}.Debug|Any CPU.Build.0 = Debug|Any CPU
		{01C98A35-3E9C-47AF-80B4-294DB1054576}.Release|Any CPU.ActiveCfg = Release|Any CPU
		{01C98A35-3E9C-47AF-80B4-294DB1054576}.Release|Any CPU.Build.0 = Release|Any CPU
		{E2B1ECDF-26BA-4574-AAB2-B1EB0B04EF29}.Debug|Any CPU.ActiveCfg = Debug|Any CPU
		{E2B1ECDF-26BA-4574-AAB2-B1EB0B04EF29}.Debug|Any CPU.Build.0 = Debug|Any CPU
		{E2B1ECDF-26BA-4574-AAB2-B1EB0B04EF29}.Release|Any CPU.ActiveCfg = Release|Any CPU
		{E2B1ECDF-26BA-4574-AAB2-B1EB0B04EF29}.Release|Any CPU.Build.0 = Release|Any CPU
	EndGlobalSection
	GlobalSection(SolutionProperties) = preSolution
		HideSolutionNode = FALSE
	EndGlobalSection
	GlobalSection(ExtensibilityGlobals) = postSolution
		SolutionGuid = {4763EA62-4BA1-4A4E-8A4F-2FA6B1E01C7F}
	EndGlobalSection
EndGlobal
