
Microsoft Visual Studio Solution File, Format Version 12.00
# Visual Studio Version 17
VisualStudioVersion = 17.2.32602.215
MinimumVisualStudioVersion = 10.0.40219.1
Project("{FAE04EC0-301F-11D3-BF4B-00C04F79EFBC}") = "MVCinjectionDependency", "MVCinjectionDependency.csproj", "{EDF4EB97-6CFC-4C40-9359-184B25620A5B}"
EndProject
Global
	GlobalSection(SolutionConfigurationPlatforms) = preSolution
		Debug|Any CPU = Debug|Any CPU
		Release|Any CPU = Release|Any CPU
	EndGlobalSection
	GlobalSection(ProjectConfigurationPlatforms) = postSolution
		{EDF4EB97-6CFC-4C40-9359-184B25620A5B}.Debug|Any CPU.ActiveCfg = Debug|Any CPU
		{EDF4EB97-6CFC-4C40-9359-184B25620A5B}.Debug|Any CPU.Build.0 = Debug|Any CPU
		{EDF4EB97-6CFC-4C40-9359-184B25620A5B}.Release|Any CPU.ActiveCfg = Release|Any CPU
		{EDF4EB97-6CFC-4C40-9359-184B25620A5B}.Release|Any CPU.Build.0 = Release|Any CPU
	EndGlobalSection
	GlobalSection(SolutionProperties) = preSolution
		HideSolutionNode = FALSE
	EndGlobalSection
	GlobalSection(ExtensibilityGlobals) = postSolution
		SolutionGuid = {EECA7819-3038-4CC8-9EA8-668D81F444E0}
	EndGlobalSection
EndGlobal
